
Microsoft Visual Studio Solution File, Format Version 12.00
# Visual Studio Version 16
VisualStudioVersion = 16.0.31729.503
MinimumVisualStudioVersion = 10.0.40219.1
Project("{FAE04EC0-301F-11D3-BF4B-00C04F79EFBC}") = "ProgramaPedidoProdutoPratica", "ProgramaPedidoProdutoPratica\ProgramaPedidoProdutoPratica.csproj", "{050310D2-302A-40DC-A2A3-7B4B25A4A3AC}"
EndProject
Global
	GlobalSection(SolutionConfigurationPlatforms) = preSolution
		Debug|Any CPU = Debug|Any CPU
		Release|Any CPU = Release|Any CPU
	EndGlobalSection
	GlobalSection(ProjectConfigurationPlatforms) = postSolution
		{050310D2-302A-40DC-A2A3-7B4B25A4A3AC}.Debug|Any CPU.ActiveCfg = Debug|Any CPU
		{050310D2-302A-40DC-A2A3-7B4B25A4A3AC}.Debug|Any CPU.Build.0 = Debug|Any CPU
		{050310D2-302A-40DC-A2A3-7B4B25A4A3AC}.Release|Any CPU.ActiveCfg = Release|Any CPU
		{050310D2-302A-40DC-A2A3-7B4B25A4A3AC}.Release|Any CPU.Build.0 = Release|Any CPU
	EndGlobalSection
	GlobalSection(SolutionProperties) = preSolution
		HideSolutionNode = FALSE
	EndGlobalSection
	GlobalSection(ExtensibilityGlobals) = postSolution
		SolutionGuid = {014D424A-FEA1-4765-B834-A35A95C08C65}
	EndGlobalSection
EndGlobal
